
Microsoft Visual Studio Solution File, Format Version 11.00
# Visual Studio 2010
Project("{FAE04EC0-301F-11D3-BF4B-00C04F79EFBC}") = "cmsc425-prog2", "Assembly-CSharp.csproj", "{4BF82361-0619-1F94-6604-FC3511652816}"
EndProject
Global
	GlobalSection(SolutionConfigurationPlatforms) = preSolution
		Debug|Any CPU = Debug|Any CPU
		Release|Any CPU = Release|Any CPU
	EndGlobalSection
	GlobalSection(ProjectConfigurationPlatforms) = postSolution
		{4BF82361-0619-1F94-6604-FC3511652816}.Debug|Any CPU.ActiveCfg = Debug|Any CPU
		{4BF82361-0619-1F94-6604-FC3511652816}.Debug|Any CPU.Build.0 = Debug|Any CPU
		{4BF82361-0619-1F94-6604-FC3511652816}.Release|Any CPU.ActiveCfg = Release|Any CPU
		{4BF82361-0619-1F94-6604-FC3511652816}.Release|Any CPU.Build.0 = Release|Any CPU
	EndGlobalSection
	GlobalSection(SolutionProperties) = preSolution
		HideSolutionNode = FALSE
	EndGlobalSection
	GlobalSection(MonoDevelopProperties) = preSolution
		StartupItem = Assembly-CSharp.csproj
	EndGlobalSection
EndGlobal
